
Microsoft Visual Studio Solution File, Format Version 11.00
# Visual Studio 2010
Project("{FAE04EC0-301F-11D3-BF4B-00C04F79EFBC}") = "KartGame", "KartGame.csproj", "{15F9B8A0-B0CF-B3A1-4D9B-8300A9221E9B}"
EndProject
Project("{FAE04EC0-301F-11D3-BF4B-00C04F79EFBC}") = "Assembly-CSharp", "Assembly-CSharp.csproj", "{BD0C044C-3F93-6B4E-5068-8488BD84F944}"
EndProject
Project("{FAE04EC0-301F-11D3-BF4B-00C04F79EFBC}") = "MLAgentsToolKit", "MLAgentsToolKit.csproj", "{DD2E1838-0B11-7095-306F-7DF7D8E57BE6}"
EndProject
Project("{FAE04EC0-301F-11D3-BF4B-00C04F79EFBC}") = "KartGame.AI", "KartGame.AI.csproj", "{E30BA3A7-1317-694B-7C41-8814C1D35A1B}"
EndProject
Project("{FAE04EC0-301F-11D3-BF4B-00C04F79EFBC}") = "MLAgentsToolKit.Editor", "MLAgentsToolKit.Editor.csproj", "{14A3481A-ED4D-7807-9909-DB3780BE5FAD}"
EndProject
Project("{FAE04EC0-301F-11D3-BF4B-00C04F79EFBC}") = "KartGame.Editor", "KartGame.Editor.csproj", "{B286BC53-27E6-7F70-0744-2E2966488D74}"
EndProject
Project("{FAE04EC0-301F-11D3-BF4B-00C04F79EFBC}") = "KartGame.AI.Editor", "KartGame.AI.Editor.csproj", "{E02F551C-E00B-9302-296F-D49326039813}"
EndProject
Global
	GlobalSection(SolutionConfigurationPlatforms) = preSolution
		Debug|Any CPU = Debug|Any CPU
		Release|Any CPU = Release|Any CPU
	EndGlobalSection
	GlobalSection(ProjectConfigurationPlatforms) = postSolution
		{15F9B8A0-B0CF-B3A1-4D9B-8300A9221E9B}.Debug|Any CPU.ActiveCfg = Debug|Any CPU
		{15F9B8A0-B0CF-B3A1-4D9B-8300A9221E9B}.Debug|Any CPU.Build.0 = Debug|Any CPU
		{15F9B8A0-B0CF-B3A1-4D9B-8300A9221E9B}.Release|Any CPU.ActiveCfg = Release|Any CPU
		{15F9B8A0-B0CF-B3A1-4D9B-8300A9221E9B}.Release|Any CPU.Build.0 = Release|Any CPU
		{BD0C044C-3F93-6B4E-5068-8488BD84F944}.Debug|Any CPU.ActiveCfg = Debug|Any CPU
		{BD0C044C-3F93-6B4E-5068-8488BD84F944}.Debug|Any CPU.Build.0 = Debug|Any CPU
		{BD0C044C-3F93-6B4E-5068-8488BD84F944}.Release|Any CPU.ActiveCfg = Release|Any CPU
		{BD0C044C-3F93-6B4E-5068-8488BD84F944}.Release|Any CPU.Build.0 = Release|Any CPU
		{DD2E1838-0B11-7095-306F-7DF7D8E57BE6}.Debug|Any CPU.ActiveCfg = Debug|Any CPU
		{DD2E1838-0B11-7095-306F-7DF7D8E57BE6}.Debug|Any CPU.Build.0 = Debug|Any CPU
		{DD2E1838-0B11-7095-306F-7DF7D8E57BE6}.Release|Any CPU.ActiveCfg = Release|Any CPU
		{DD2E1838-0B11-7095-306F-7DF7D8E57BE6}.Release|Any CPU.Build.0 = Release|Any CPU
		{E30BA3A7-1317-694B-7C41-8814C1D35A1B}.Debug|Any CPU.ActiveCfg = Debug|Any CPU
		{E30BA3A7-1317-694B-7C41-8814C1D35A1B}.Debug|Any CPU.Build.0 = Debug|Any CPU
		{E30BA3A7-1317-694B-7C41-8814C1D35A1B}.Release|Any CPU.ActiveCfg = Release|Any CPU
		{E30BA3A7-1317-694B-7C41-8814C1D35A1B}.Release|Any CPU.Build.0 = Release|Any CPU
		{14A3481A-ED4D-7807-9909-DB3780BE5FAD}.Debug|Any CPU.ActiveCfg = Debug|Any CPU
		{14A3481A-ED4D-7807-9909-DB3780BE5FAD}.Debug|Any CPU.Build.0 = Debug|Any CPU
		{14A3481A-ED4D-7807-9909-DB3780BE5FAD}.Release|Any CPU.ActiveCfg = Release|Any CPU
		{14A3481A-ED4D-7807-9909-DB3780BE5FAD}.Release|Any CPU.Build.0 = Release|Any CPU
		{B286BC53-27E6-7F70-0744-2E2966488D74}.Debug|Any CPU.ActiveCfg = Debug|Any CPU
		{B286BC53-27E6-7F70-0744-2E2966488D74}.Debug|Any CPU.Build.0 = Debug|Any CPU
		{B286BC53-27E6-7F70-0744-2E2966488D74}.Release|Any CPU.ActiveCfg = Release|Any CPU
		{B286BC53-27E6-7F70-0744-2E2966488D74}.Release|Any CPU.Build.0 = Release|Any CPU
		{E02F551C-E00B-9302-296F-D49326039813}.Debug|Any CPU.ActiveCfg = Debug|Any CPU
		{E02F551C-E00B-9302-296F-D49326039813}.Debug|Any CPU.Build.0 = Debug|Any CPU
		{E02F551C-E00B-9302-296F-D49326039813}.Release|Any CPU.ActiveCfg = Release|Any CPU
		{E02F551C-E00B-9302-296F-D49326039813}.Release|Any CPU.Build.0 = Release|Any CPU
	EndGlobalSection
	GlobalSection(SolutionProperties) = preSolution
		HideSolutionNode = FALSE
	EndGlobalSection
EndGlobal
